
Microsoft Visual Studio Solution File, Format Version 12.00
# Visual Studio Version 17
VisualStudioVersion = 17.4.33205.214
MinimumVisualStudioVersion = 10.0.40219.1
Project("{9A19103F-16F7-4668-BE54-9A1E7A4F7556}") = "Mj", "Mj\Mj.csproj", "{9ADA3CE3-3178-4346-8155-02D385538FDA}"
EndProject
Project("{FAE04EC0-301F-11D3-BF4B-00C04F79EFBC}") = "MjTelegram", "MjTelegram\MjTelegram.csproj", "{AA63561D-1643-4343-A97F-9E727D216184}"
EndProject
Global
	GlobalSection(SolutionConfigurationPlatforms) = preSolution
		Debug|Any CPU = Debug|Any CPU
		Release|Any CPU = Release|Any CPU
	EndGlobalSection
	GlobalSection(ProjectConfigurationPlatforms) = postSolution
		{9ADA3CE3-3178-4346-8155-02D385538FDA}.Debug|Any CPU.ActiveCfg = Debug|Any CPU
		{9ADA3CE3-3178-4346-8155-02D385538FDA}.Debug|Any CPU.Build.0 = Debug|Any CPU
		{9ADA3CE3-3178-4346-8155-02D385538FDA}.Release|Any CPU.ActiveCfg = Release|Any CPU
		{9ADA3CE3-3178-4346-8155-02D385538FDA}.Release|Any CPU.Build.0 = Release|Any CPU
		{AA63561D-1643-4343-A97F-9E727D216184}.Debug|Any CPU.ActiveCfg = Debug|Any CPU
		{AA63561D-1643-4343-A97F-9E727D216184}.Debug|Any CPU.Build.0 = Debug|Any CPU
		{AA63561D-1643-4343-A97F-9E727D216184}.Release|Any CPU.ActiveCfg = Release|Any CPU
		{AA63561D-1643-4343-A97F-9E727D216184}.Release|Any CPU.Build.0 = Release|Any CPU
	EndGlobalSection
	GlobalSection(SolutionProperties) = preSolution
		HideSolutionNode = FALSE
	EndGlobalSection
	GlobalSection(ExtensibilityGlobals) = postSolution
		SolutionGuid = {F48F5915-3A14-4499-849D-5EBC62B85F60}
	EndGlobalSection
EndGlobal
